
Microsoft Visual Studio Solution File, Format Version 12.00
# Visual Studio Version 17
VisualStudioVersion = 17.6.33829.357
MinimumVisualStudioVersion = 10.0.40219.1
Project("{FAE04EC0-301F-11D3-BF4B-00C04F79EFBC}") = "FullStack.API", "FullStack.API\FullStack.API.csproj", "{B07F2846-D7F6-4D18-A0BF-6D6A24531901}"
EndProject
Global
	GlobalSection(SolutionConfigurationPlatforms) = preSolution
		Debug|Any CPU = Debug|Any CPU
		Release|Any CPU = Release|Any CPU
	EndGlobalSection
	GlobalSection(ProjectConfigurationPlatforms) = postSolution
		{B07F2846-D7F6-4D18-A0BF-6D6A24531901}.Debug|Any CPU.ActiveCfg = Debug|Any CPU
		{B07F2846-D7F6-4D18-A0BF-6D6A24531901}.Debug|Any CPU.Build.0 = Debug|Any CPU
		{B07F2846-D7F6-4D18-A0BF-6D6A24531901}.Release|Any CPU.ActiveCfg = Release|Any CPU
		{B07F2846-D7F6-4D18-A0BF-6D6A24531901}.Release|Any CPU.Build.0 = Release|Any CPU
	EndGlobalSection
	GlobalSection(SolutionProperties) = preSolution
		HideSolutionNode = FALSE
	EndGlobalSection
	GlobalSection(ExtensibilityGlobals) = postSolution
		SolutionGuid = {1281B0B6-B49D-4024-A8BD-D0A097E985B4}
	EndGlobalSection
EndGlobal
